
Microsoft Visual Studio Solution File, Format Version 12.00
# Visual Studio Version 17
VisualStudioVersion = 17.1.32210.238
MinimumVisualStudioVersion = 10.0.40219.1
Project("{9A19103F-16F7-4668-BE54-9A1E7A4F7556}") = "TouchPortalSDK", "TouchPortalSDK\TouchPortalSDK.csproj", "{5370B2EB-A29F-4642-BEF4-56BC5F2244C2}"
EndProject
Project("{2150E333-8FDC-42A3-9474-1A3956D46DE8}") = "Library", "Library", "{946C5524-0220-4424-AA89-9DB8E15FB3B5}"
EndProject
Project("{2150E333-8FDC-42A3-9474-1A3956D46DE8}") = "Tests", "Tests", "{D36FA37E-B739-4B4B-A850-E522AC354425}"
EndProject
Project("{9A19103F-16F7-4668-BE54-9A1E7A4F7556}") = "TouchPortalSDK.Tests", "TouchPortalSDK.Tests\TouchPortalSDK.Tests.csproj", "{9190D83F-62B9-42E9-80C8-0A5B676A6781}"
EndProject
Project("{2150E333-8FDC-42A3-9474-1A3956D46DE8}") = "Samples", "Samples", "{0DEBA025-FFE6-4CD1-BA3A-F5081B44C323}"
EndProject
Project("{9A19103F-16F7-4668-BE54-9A1E7A4F7556}") = "01.TouchPortalSDK.Actions", "Samples\TouchPortalSDK.Actions\01.TouchPortalSDK.Actions.csproj", "{FEEAC09C-0184-482D-A716-CC9143AB96AE}"
EndProject
Project("{2150E333-8FDC-42A3-9474-1A3956D46DE8}") = "SamplesUtils", "SamplesUtils", "{301EC3C4-008B-429C-8431-284196B876AE}"
EndProject
Project("{9A19103F-16F7-4668-BE54-9A1E7A4F7556}") = "SampleUtils", "Samples\SampleUtil.EntryCopy\SampleUtils.csproj", "{65281868-867B-40A4-962F-F5762AF77196}"
EndProject
Project("{9A19103F-16F7-4668-BE54-9A1E7A4F7556}") = "02.TouchPortalSDK.States", "Samples\TouchPortalSDK.States\02.TouchPortalSDK.States.csproj", "{1D1E0B51-0FDC-497D-B725-3C2FB32311C5}"
EndProject
Project("{9A19103F-16F7-4668-BE54-9A1E7A4F7556}") = "03.TouchPortalSDK.Events", "Samples\TouchPortalSDK.Events\03.TouchPortalSDK.Events.csproj", "{A399D820-95F2-45A8-8619-0D1F8406D9FF}"
EndProject
Project("{9A19103F-16F7-4668-BE54-9A1E7A4F7556}") = "04.TouchPortalSDK.Connectors", "Samples\TouchPortalSDK.Connectors\04.TouchPortalSDK.Connectors.csproj", "{D57547EC-DC07-40A6-9ACD-9F1B05186DD8}"
EndProject
Project("{9A19103F-16F7-4668-BE54-9A1E7A4F7556}") = "05.TouchPortalSDK.Settings", "Samples\TouchPortalSDK.Settings\05.TouchPortalSDK.Settings.csproj", "{06C3233B-8492-48AE-95EA-F49291986B11}"
EndProject
Project("{9A19103F-16F7-4668-BE54-9A1E7A4F7556}") = "06.TouchPortalSDK.Notifications", "Samples\TouchPortalSDK.Notifications\06.TouchPortalSDK.Notifications.csproj", "{D81DAF19-989F-471D-A29B-85FAF81DA531}"
EndProject
Global
	GlobalSection(SolutionConfigurationPlatforms) = preSolution
		Debug|Any CPU = Debug|Any CPU
		Release|Any CPU = Release|Any CPU
	EndGlobalSection
	GlobalSection(ProjectConfigurationPlatforms) = postSolution
		{5370B2EB-A29F-4642-BEF4-56BC5F2244C2}.Debug|Any CPU.ActiveCfg = Debug|Any CPU
		{5370B2EB-A29F-4642-BEF4-56BC5F2244C2}.Debug|Any CPU.Build.0 = Debug|Any CPU
		{5370B2EB-A29F-4642-BEF4-56BC5F2244C2}.Release|Any CPU.ActiveCfg = Release|Any CPU
		{5370B2EB-A29F-4642-BEF4-56BC5F2244C2}.Release|Any CPU.Build.0 = Release|Any CPU
		{9190D83F-62B9-42E9-80C8-0A5B676A6781}.Debug|Any CPU.ActiveCfg = Debug|Any CPU
		{9190D83F-62B9-42E9-80C8-0A5B676A6781}.Debug|Any CPU.Build.0 = Debug|Any CPU
		{9190D83F-62B9-42E9-80C8-0A5B676A6781}.Release|Any CPU.ActiveCfg = Release|Any CPU
		{9190D83F-62B9-42E9-80C8-0A5B676A6781}.Release|Any CPU.Build.0 = Release|Any CPU
		{FEEAC09C-0184-482D-A716-CC9143AB96AE}.Debug|Any CPU.ActiveCfg = Debug|Any CPU
		{FEEAC09C-0184-482D-A716-CC9143AB96AE}.Debug|Any CPU.Build.0 = Debug|Any CPU
		{FEEAC09C-0184-482D-A716-CC9143AB96AE}.Release|Any CPU.ActiveCfg = Release|Any CPU
		{FEEAC09C-0184-482D-A716-CC9143AB96AE}.Release|Any CPU.Build.0 = Release|Any CPU
		{65281868-867B-40A4-962F-F5762AF77196}.Debug|Any CPU.ActiveCfg = Debug|Any CPU
		{65281868-867B-40A4-962F-F5762AF77196}.Debug|Any CPU.Build.0 = Debug|Any CPU
		{65281868-867B-40A4-962F-F5762AF77196}.Release|Any CPU.ActiveCfg = Release|Any CPU
		{65281868-867B-40A4-962F-F5762AF77196}.Release|Any CPU.Build.0 = Release|Any CPU
		{1D1E0B51-0FDC-497D-B725-3C2FB32311C5}.Debug|Any CPU.ActiveCfg = Debug|Any CPU
		{1D1E0B51-0FDC-497D-B725-3C2FB32311C5}.Debug|Any CPU.Build.0 = Debug|Any CPU
		{1D1E0B51-0FDC-497D-B725-3C2FB32311C5}.Release|Any CPU.ActiveCfg = Release|Any CPU
		{1D1E0B51-0FDC-497D-B725-3C2FB32311C5}.Release|Any CPU.Build.0 = Release|Any CPU
		{A399D820-95F2-45A8-8619-0D1F8406D9FF}.Debug|Any CPU.ActiveCfg = Debug|Any CPU
		{A399D820-95F2-45A8-8619-0D1F8406D9FF}.Debug|Any CPU.Build.0 = Debug|Any CPU
		{A399D820-95F2-45A8-8619-0D1F8406D9FF}.Release|Any CPU.ActiveCfg = Release|Any CPU
		{A399D820-95F2-45A8-8619-0D1F8406D9FF}.Release|Any CPU.Build.0 = Release|Any CPU
		{D57547EC-DC07-40A6-9ACD-9F1B05186DD8}.Debug|Any CPU.ActiveCfg = Debug|Any CPU
		{D57547EC-DC07-40A6-9ACD-9F1B05186DD8}.Debug|Any CPU.Build.0 = Debug|Any CPU
		{D57547EC-DC07-40A6-9ACD-9F1B05186DD8}.Release|Any CPU.ActiveCfg = Release|Any CPU
		{D57547EC-DC07-40A6-9ACD-9F1B05186DD8}.Release|Any CPU.Build.0 = Release|Any CPU
		{06C3233B-8492-48AE-95EA-F49291986B11}.Debug|Any CPU.ActiveCfg = Debug|Any CPU
		{06C3233B-8492-48AE-95EA-F49291986B11}.Debug|Any CPU.Build.0 = Debug|Any CPU
		{06C3233B-8492-48AE-95EA-F49291986B11}.Release|Any CPU.ActiveCfg = Release|Any CPU
		{06C3233B-8492-48AE-95EA-F49291986B11}.Release|Any CPU.Build.0 = Release|Any CPU
		{D81DAF19-989F-471D-A29B-85FAF81DA531}.Debug|Any CPU.ActiveCfg = Debug|Any CPU
		{D81DAF19-989F-471D-A29B-85FAF81DA531}.Debug|Any CPU.Build.0 = Debug|Any CPU
		{D81DAF19-989F-471D-A29B-85FAF81DA531}.Release|Any CPU.ActiveCfg = Release|Any CPU
		{D81DAF19-989F-471D-A29B-85FAF81DA531}.Release|Any CPU.Build.0 = Release|Any CPU
	EndGlobalSection
	GlobalSection(SolutionProperties) = preSolution
		HideSolutionNode = FALSE
	EndGlobalSection
	GlobalSection(NestedProjects) = preSolution
		{5370B2EB-A29F-4642-BEF4-56BC5F2244C2} = {946C5524-0220-4424-AA89-9DB8E15FB3B5}
		{9190D83F-62B9-42E9-80C8-0A5B676A6781} = {D36FA37E-B739-4B4B-A850-E522AC354425}
		{FEEAC09C-0184-482D-A716-CC9143AB96AE} = {0DEBA025-FFE6-4CD1-BA3A-F5081B44C323}
		{301EC3C4-008B-429C-8431-284196B876AE} = {0DEBA025-FFE6-4CD1-BA3A-F5081B44C323}
		{65281868-867B-40A4-962F-F5762AF77196} = {301EC3C4-008B-429C-8431-284196B876AE}
		{1D1E0B51-0FDC-497D-B725-3C2FB32311C5} = {0DEBA025-FFE6-4CD1-BA3A-F5081B44C323}
		{A399D820-95F2-45A8-8619-0D1F8406D9FF} = {0DEBA025-FFE6-4CD1-BA3A-F5081B44C323}
		{D57547EC-DC07-40A6-9ACD-9F1B05186DD8} = {0DEBA025-FFE6-4CD1-BA3A-F5081B44C323}
		{06C3233B-8492-48AE-95EA-F49291986B11} = {0DEBA025-FFE6-4CD1-BA3A-F5081B44C323}
		{D81DAF19-989F-471D-A29B-85FAF81DA531} = {0DEBA025-FFE6-4CD1-BA3A-F5081B44C323}
	EndGlobalSection
	GlobalSection(ExtensibilityGlobals) = postSolution
		SolutionGuid = {26DA31A8-886E-4B63-B7A6-E0B851B51A30}
	EndGlobalSection
EndGlobal
