
Microsoft Visual Studio Solution File, Format Version 12.00
# Visual Studio Version 16
VisualStudioVersion = 16.0.31025.194
MinimumVisualStudioVersion = 10.0.40219.1
Project("{9A19103F-16F7-4668-BE54-9A1E7A4F7556}") = "TouchPortalSDK", "TouchPortalSDK\TouchPortalSDK.csproj", "{5370B2EB-A29F-4642-BEF4-56BC5F2244C2}"
EndProject
Project("{2150E333-8FDC-42A3-9474-1A3956D46DE8}") = "Library", "Library", "{946C5524-0220-4424-AA89-9DB8E15FB3B5}"
EndProject
Project("{2150E333-8FDC-42A3-9474-1A3956D46DE8}") = "Tests", "Tests", "{D36FA37E-B739-4B4B-A850-E522AC354425}"
EndProject
Project("{9A19103F-16F7-4668-BE54-9A1E7A4F7556}") = "TouchPortalSDK.Tests", "TouchPortalSDK.Tests\TouchPortalSDK.Tests.csproj", "{9190D83F-62B9-42E9-80C8-0A5B676A6781}"
EndProject
Project("{2150E333-8FDC-42A3-9474-1A3956D46DE8}") = "Samples", "Samples", "{0DEBA025-FFE6-4CD1-BA3A-F5081B44C323}"
EndProject
Project("{9A19103F-16F7-4668-BE54-9A1E7A4F7556}") = "TouchPortalSDK.Sample", "TouchPortalSDK.Sample\TouchPortalSDK.Sample.csproj", "{F93B6E17-512C-4FDA-8FC3-742B9A7F495D}"
EndProject
Global
	GlobalSection(SolutionConfigurationPlatforms) = preSolution
		Debug|Any CPU = Debug|Any CPU
		Release|Any CPU = Release|Any CPU
	EndGlobalSection
	GlobalSection(ProjectConfigurationPlatforms) = postSolution
		{5370B2EB-A29F-4642-BEF4-56BC5F2244C2}.Debug|Any CPU.ActiveCfg = Debug|Any CPU
		{5370B2EB-A29F-4642-BEF4-56BC5F2244C2}.Debug|Any CPU.Build.0 = Debug|Any CPU
		{5370B2EB-A29F-4642-BEF4-56BC5F2244C2}.Release|Any CPU.ActiveCfg = Release|Any CPU
		{5370B2EB-A29F-4642-BEF4-56BC5F2244C2}.Release|Any CPU.Build.0 = Release|Any CPU
		{9190D83F-62B9-42E9-80C8-0A5B676A6781}.Debug|Any CPU.ActiveCfg = Debug|Any CPU
		{9190D83F-62B9-42E9-80C8-0A5B676A6781}.Debug|Any CPU.Build.0 = Debug|Any CPU
		{9190D83F-62B9-42E9-80C8-0A5B676A6781}.Release|Any CPU.ActiveCfg = Release|Any CPU
		{9190D83F-62B9-42E9-80C8-0A5B676A6781}.Release|Any CPU.Build.0 = Release|Any CPU
		{F93B6E17-512C-4FDA-8FC3-742B9A7F495D}.Debug|Any CPU.ActiveCfg = Debug|Any CPU
		{F93B6E17-512C-4FDA-8FC3-742B9A7F495D}.Debug|Any CPU.Build.0 = Debug|Any CPU
		{F93B6E17-512C-4FDA-8FC3-742B9A7F495D}.Release|Any CPU.ActiveCfg = Release|Any CPU
		{F93B6E17-512C-4FDA-8FC3-742B9A7F495D}.Release|Any CPU.Build.0 = Release|Any CPU
	EndGlobalSection
	GlobalSection(SolutionProperties) = preSolution
		HideSolutionNode = FALSE
	EndGlobalSection
	GlobalSection(NestedProjects) = preSolution
		{5370B2EB-A29F-4642-BEF4-56BC5F2244C2} = {946C5524-0220-4424-AA89-9DB8E15FB3B5}
		{9190D83F-62B9-42E9-80C8-0A5B676A6781} = {D36FA37E-B739-4B4B-A850-E522AC354425}
		{F93B6E17-512C-4FDA-8FC3-742B9A7F495D} = {0DEBA025-FFE6-4CD1-BA3A-F5081B44C323}
	EndGlobalSection
	GlobalSection(ExtensibilityGlobals) = postSolution
		SolutionGuid = {26DA31A8-886E-4B63-B7A6-E0B851B51A30}
	EndGlobalSection
EndGlobal
